
Microsoft Visual Studio Solution File, Format Version 12.00
# Visual Studio 15
Project("{FAE04EC0-301F-11D3-BF4B-00C04F79EFBC}") = "Assembly-CSharp", "Assembly-CSharp.csproj", "{7AC30EFB-7B4E-2BD1-AA06-065D48E686AF}"
EndProject
Project("{FAE04EC0-301F-11D3-BF4B-00C04F79EFBC}") = "Assembly-CSharp-Editor", "Assembly-CSharp-Editor.csproj", "{C400E13F-EA8A-E1BC-005B-12AC6A2E19BD}"
EndProject
Global
	GlobalSection(SolutionConfigurationPlatforms) = preSolution
		Debug|Any CPU = Debug|Any CPU
		Release|Any CPU = Release|Any CPU
	EndGlobalSection
	GlobalSection(ProjectConfigurationPlatforms) = postSolution
		{7AC30EFB-7B4E-2BD1-AA06-065D48E686AF}.Debug|Any CPU.ActiveCfg = Debug|Any CPU
		{7AC30EFB-7B4E-2BD1-AA06-065D48E686AF}.Debug|Any CPU.Build.0 = Debug|Any CPU
		{7AC30EFB-7B4E-2BD1-AA06-065D48E686AF}.Release|Any CPU.ActiveCfg = Release|Any CPU
		{7AC30EFB-7B4E-2BD1-AA06-065D48E686AF}.Release|Any CPU.Build.0 = Release|Any CPU
		{C400E13F-EA8A-E1BC-005B-12AC6A2E19BD}.Debug|Any CPU.ActiveCfg = Debug|Any CPU
		{C400E13F-EA8A-E1BC-005B-12AC6A2E19BD}.Debug|Any CPU.Build.0 = Debug|Any CPU
		{C400E13F-EA8A-E1BC-005B-12AC6A2E19BD}.Release|Any CPU.ActiveCfg = Release|Any CPU
		{C400E13F-EA8A-E1BC-005B-12AC6A2E19BD}.Release|Any CPU.Build.0 = Release|Any CPU
	EndGlobalSection
	GlobalSection(SolutionProperties) = preSolution
		HideSolutionNode = FALSE
	EndGlobalSection
EndGlobal
